// !$*UTF8*$!
{
	archiveVersion = 1;
	classes = {
	};
	objectVersion = 46;
	objects = {

/* Begin PBXBuildFile section */
		F42D147A1BE8C8FE00A5D65C /* AppDelegate.swift in Sources */ = {isa = PBXBuildFile; fileRef = F42D14791BE8C8FE00A5D65C /* AppDelegate.swift */; };
		F42D147C1BE8C8FE00A5D65C /* MemeEditorViewController.swift in Sources */ = {isa = PBXBuildFile; fileRef = F42D147B1BE8C8FE00A5D65C /* MemeEditorViewController.swift */; };
		F42D147F1BE8C8FE00A5D65C /* Main.storyboard in Resources */ = {isa = PBXBuildFile; fileRef = F42D147D1BE8C8FE00A5D65C /* Main.storyboard */; };
		F42D14811BE8C8FE00A5D65C /* Assets.xcassets in Resources */ = {isa = PBXBuildFile; fileRef = F42D14801BE8C8FE00A5D65C /* Assets.xcassets */; };
		F42D14841BE8C8FE00A5D65C /* LaunchScreen.storyboard in Resources */ = {isa = PBXBuildFile; fileRef = F42D14821BE8C8FE00A5D65C /* LaunchScreen.storyboard */; };
		F4EFD8C31BF74E2C000EF128 /* MemeTableViewController.swift in Sources */ = {isa = PBXBuildFile; fileRef = F4EFD8C21BF74E2C000EF128 /* MemeTableViewController.swift */; };
		F4EFD8C51BF74E55000EF128 /* MemeCollectionViewController.swift in Sources */ = {isa = PBXBuildFile; fileRef = F4EFD8C41BF74E55000EF128 /* MemeCollectionViewController.swift */; };
		F4EFD8C71BF75D14000EF128 /* MemeCollectionViewCell.swift in Sources */ = {isa = PBXBuildFile; fileRef = F4EFD8C61BF75D14000EF128 /* MemeCollectionViewCell.swift */; };
		F4EFD8C91BF77BD5000EF128 /* MemeDetailViewController.swift in Sources */ = {isa = PBXBuildFile; fileRef = F4EFD8C81BF77BD5000EF128 /* MemeDetailViewController.swift */; };
		F4EFD8CB1BF7837F000EF128 /* Meme.swift in Sources */ = {isa = PBXBuildFile; fileRef = F4EFD8CA1BF7837F000EF128 /* Meme.swift */; };
/* End PBXBuildFile section */

/* Begin PBXFileReference section */
		F42D14761BE8C8FE00A5D65C /* MemeMe.app */ = {isa = PBXFileReference; explicitFileType = wrapper.application; includeInIndex = 0; path = MemeMe.app; sourceTree = BUILT_PRODUCTS_DIR; };
		F42D14791BE8C8FE00A5D65C /* AppDelegate.swift */ = {isa = PBXFileReference; lastKnownFileType = sourcecode.swift; path = AppDelegate.swift; sourceTree = "<group>"; };
		F42D147B1BE8C8FE00A5D65C /* MemeEditorViewController.swift */ = {isa = PBXFileReference; lastKnownFileType = sourcecode.swift; path = MemeEditorViewController.swift; sourceTree = "<group>"; };
		F42D147E1BE8C8FE00A5D65C /* Base */ = {isa = PBXFileReference; lastKnownFileType = file.storyboard; name = Base; path = Base.lproj/Main.storyboard; sourceTree = "<group>"; };
		F42D14801BE8C8FE00A5D65C /* Assets.xcassets */ = {isa = PBXFileReference; lastKnownFileType = folder.assetcatalog; path = Assets.xcassets; sourceTree = "<group>"; };
		F42D14831BE8C8FE00A5D65C /* Base */ = {isa = PBXFileReference; lastKnownFileType = file.storyboard; name = Base; path = Base.lproj/LaunchScreen.storyboard; sourceTree = "<group>"; };
		F42D14851BE8C8FE00A5D65C /* Info.plist */ = {isa = PBXFileReference; lastKnownFileType = text.plist.xml; path = Info.plist; sourceTree = "<group>"; };
		F4EFD8C21BF74E2C000EF128 /* MemeTableViewController.swift */ = {isa = PBXFileReference; fileEncoding = 4; lastKnownFileType = sourcecode.swift; name = MemeTableViewController.swift; path = ../MemeTableViewController.swift; sourceTree = "<group>"; };
		F4EFD8C41BF74E55000EF128 /* MemeCollectionViewController.swift */ = {isa = PBXFileReference; fileEncoding = 4; lastKnownFileType = sourcecode.swift; path = MemeCollectionViewController.swift; sourceTree = "<group>"; };
		F4EFD8C61BF75D14000EF128 /* MemeCollectionViewCell.swift */ = {isa = PBXFileReference; fileEncoding = 4; lastKnownFileType = sourcecode.swift; path = MemeCollectionViewCell.swift; sourceTree = "<group>"; };
		F4EFD8C81BF77BD5000EF128 /* MemeDetailViewController.swift */ = {isa = PBXFileReference; fileEncoding = 4; lastKnownFileType = sourcecode.swift; path = MemeDetailViewController.swift; sourceTree = "<group>"; };
		F4EFD8CA1BF7837F000EF128 /* Meme.swift */ = {isa = PBXFileReference; fileEncoding = 4; lastKnownFileType = sourcecode.swift; path = Meme.swift; sourceTree = "<group>"; };
/* End PBXFileReference section */

/* Begin PBXFrameworksBuildPhase section */
		F42D14731BE8C8FE00A5D65C /* Frameworks */ = {
			isa = PBXFrameworksBuildPhase;
			buildActionMask = 2147483647;
			files = (
			);
			runOnlyForDeploymentPostprocessing = 0;
		};
/* End PBXFrameworksBuildPhase section */

/* Begin PBXGroup section */
		F42D146D1BE8C8FE00A5D65C = {
			isa = PBXGroup;
			children = (
				F42D14781BE8C8FE00A5D65C /* MemeMe */,
				F42D14771BE8C8FE00A5D65C /* Products */,
			);
			sourceTree = "<group>";
		};
		F42D14771BE8C8FE00A5D65C /* Products */ = {
			isa = PBXGroup;
			children = (
				F42D14761BE8C8FE00A5D65C /* MemeMe.app */,
			);
			name = Products;
			sourceTree = "<group>";
		};
		F42D14781BE8C8FE00A5D65C /* MemeMe */ = {
			isa = PBXGroup;
			children = (
				F42D147D1BE8C8FE00A5D65C /* Main.storyboard */,
				F42D14791BE8C8FE00A5D65C /* AppDelegate.swift */,
				F4EFD8CA1BF7837F000EF128 /* Meme.swift */,
				F4EFD8CE1BF79619000EF128 /* Editor */,
				F4EFD8CD1BF795E4000EF128 /* Table */,
				F4EFD8CC1BF795CF000EF128 /* Collection */,
				F4EFD8CF1BF79667000EF128 /* Detail */,
				F4B794F21BFBB403003D4E9C /* Other */,
			);
			path = MemeMe;
			sourceTree = "<group>";
		};
		F4B794F21BFBB403003D4E9C /* Other */ = {
			isa = PBXGroup;
			children = (
				F42D14801BE8C8FE00A5D65C /* Assets.xcassets */,
				F42D14821BE8C8FE00A5D65C /* LaunchScreen.storyboard */,
				F42D14851BE8C8FE00A5D65C /* Info.plist */,
			);
			name = Other;
			sourceTree = "<group>";
		};
		F4EFD8CC1BF795CF000EF128 /* Collection */ = {
			isa = PBXGroup;
			children = (
				F4EFD8C41BF74E55000EF128 /* MemeCollectionViewController.swift */,
				F4EFD8C61BF75D14000EF128 /* MemeCollectionViewCell.swift */,
			);
			name = Collection;
			sourceTree = "<group>";
		};
		F4EFD8CD1BF795E4000EF128 /* Table */ = {
			isa = PBXGroup;
			children = (
				F4EFD8C21BF74E2C000EF128 /* MemeTableViewController.swift */,
			);
			name = Table;
			sourceTree = "<group>";
		};
		F4EFD8CE1BF79619000EF128 /* Editor */ = {
			isa = PBXGroup;
			children = (
				F42D147B1BE8C8FE00A5D65C /* MemeEditorViewController.swift */,
			);
			name = Editor;
			sourceTree = "<group>";
		};
		F4EFD8CF1BF79667000EF128 /* Detail */ = {
			isa = PBXGroup;
			children = (
				F4EFD8C81BF77BD5000EF128 /* MemeDetailViewController.swift */,
			);
			name = Detail;
			sourceTree = "<group>";
		};
/* End PBXGroup section */

/* Begin PBXNativeTarget section */
		F42D14751BE8C8FE00A5D65C /* MemeMe */ = {
			isa = PBXNativeTarget;
			buildConfigurationList = F42D14881BE8C8FE00A5D65C /* Build configuration list for PBXNativeTarget "MemeMe" */;
			buildPhases = (
				F42D14721BE8C8FE00A5D65C /* Sources */,
				F42D14731BE8C8FE00A5D65C /* Frameworks */,
				F42D14741BE8C8FE00A5D65C /* Resources */,
			);
			buildRules = (
			);
			dependencies = (
			);
			name = MemeMe;
			productName = MemeMe;
			productReference = F42D14761BE8C8FE00A5D65C /* MemeMe.app */;
			productType = "com.apple.product-type.application";
		};
/* End PBXNativeTarget section */

/* Begin PBXProject section */
		F42D146E1BE8C8FE00A5D65C /* Project object */ = {
			isa = PBXProject;
			attributes = {
				LastSwiftUpdateCheck = 0710;
				LastUpgradeCheck = 0710;
				ORGANIZATIONNAME = "Timo Krall";
				TargetAttributes = {
					F42D14751BE8C8FE00A5D65C = {
						CreatedOnToolsVersion = 7.1;
						DevelopmentTeam = QLY7A9LSKQ;
					};
				};
			};
			buildConfigurationList = F42D14711BE8C8FE00A5D65C /* Build configuration list for PBXProject "MemeMe" */;
			compatibilityVersion = "Xcode 3.2";
			developmentRegion = English;
			hasScannedForEncodings = 0;
			knownRegions = (
				en,
				Base,
			);
			mainGroup = F42D146D1BE8C8FE00A5D65C;
			productRefGroup = F42D14771BE8C8FE00A5D65C /* Products */;
			projectDirPath = "";
			projectRoot = "";
			targets = (
				F42D14751BE8C8FE00A5D65C /* MemeMe */,
			);
		};
/* End PBXProject section */

/* Begin PBXResourcesBuildPhase section */
		F42D14741BE8C8FE00A5D65C /* Resources */ = {
			isa = PBXResourcesBuildPhase;
			buildActionMask = 2147483647;
			files = (
				F42D14841BE8C8FE00A5D65C /* LaunchScreen.storyboard in Resources */,
				F42D14811BE8C8FE00A5D65C /* Assets.xcassets in Resources */,
				F42D147F1BE8C8FE00A5D65C /* Main.storyboard in Resources */,
			);
			runOnlyForDeploymentPostprocessing = 0;
		};
/* End PBXResourcesBuildPhase section */

/* Begin PBXSourcesBuildPhase section */
		F42D14721BE8C8FE00A5D65C /* Sources */ = {
			isa = PBXSourcesBuildPhase;
			buildActionMask = 2147483647;
			files = (
				F4EFD8C51BF74E55000EF128 /* MemeCollectionViewController.swift in Sources */,
				F4EFD8C31BF74E2C000EF128 /* MemeTableViewController.swift in Sources */,
				F4EFD8CB1BF7837F000EF128 /* Meme.swift in Sources */,
				F4EFD8C71BF75D14000EF128 /* MemeCollectionViewCell.swift in Sources */,
				F42D147C1BE8C8FE00A5D65C /* MemeEditorViewController.swift in Sources */,
				F4EFD8C91BF77BD5000EF128 /* MemeDetailViewController.swift in Sources */,
				F42D147A1BE8C8FE00A5D65C /* AppDelegate.swift in Sources */,
			);
			runOnlyForDeploymentPostprocessing = 0;
		};
/* End PBXSourcesBuildPhase section */

/* Begin PBXVariantGroup section */
		F42D147D1BE8C8FE00A5D65C /* Main.storyboard */ = {
			isa = PBXVariantGroup;
			children = (
				F42D147E1BE8C8FE00A5D65C /* Base */,
			);
			name = Main.storyboard;
			sourceTree = "<group>";
		};
		F42D14821BE8C8FE00A5D65C /* LaunchScreen.storyboard */ = {
			isa = PBXVariantGroup;
			children = (
				F42D14831BE8C8FE00A5D65C /* Base */,
			);
			name = LaunchScreen.storyboard;
			sourceTree = "<group>";
		};
/* End PBXVariantGroup section */

/* Begin XCBuildConfiguration section */
		F42D14861BE8C8FE00A5D65C /* Debug */ = {
			isa = XCBuildConfiguration;
			buildSettings = {
				ALWAYS_SEARCH_USER_PATHS = NO;
				CLANG_CXX_LANGUAGE_STANDARD = "gnu++0x";
				CLANG_CXX_LIBRARY = "libc++";
				CLANG_ENABLE_MODULES = YES;
				CLANG_ENABLE_OBJC_ARC = YES;
				CLANG_WARN_BOOL_CONVERSION = YES;
				CLANG_WARN_CONSTANT_CONVERSION = YES;
				CLANG_WARN_DIRECT_OBJC_ISA_USAGE = YES_ERROR;
				CLANG_WARN_EMPTY_BODY = YES;
				CLANG_WARN_ENUM_CONVERSION = YES;
				CLANG_WARN_INT_CONVERSION = YES;
				CLANG_WARN_OBJC_ROOT_CLASS = YES_ERROR;
				CLANG_WARN_UNREACHABLE_CODE = YES;
				CLANG_WARN__DUPLICATE_METHOD_MATCH = YES;
				"CODE_SIGN_IDENTITY[sdk=iphoneos*]" = "iPhone Developer";
				COPY_PHASE_STRIP = NO;
				DEBUG_INFORMATION_FORMAT = dwarf;
				ENABLE_STRICT_OBJC_MSGSEND = YES;
				ENABLE_TESTABILITY = YES;
				GCC_C_LANGUAGE_STANDARD = gnu99;
				GCC_DYNAMIC_NO_PIC = NO;
				GCC_NO_COMMON_BLOCKS = YES;
				GCC_OPTIMIZATION_LEVEL = 0;
				GCC_PREPROCESSOR_DEFINITIONS = (
					"DEBUG=1",
					"$(inherited)",
				);
				GCC_WARN_64_TO_32_BIT_CONVERSION = YES;
				GCC_WARN_ABOUT_RETURN_TYPE = YES_ERROR;
				GCC_WARN_UNDECLARED_SELECTOR = YES;
				GCC_WARN_UNINITIALIZED_AUTOS = YES_AGGRESSIVE;
				GCC_WARN_UNUSED_FUNCTION = YES;
				GCC_WARN_UNUSED_VARIABLE = YES;
				IPHONEOS_DEPLOYMENT_TARGET = 9.1;
				MTL_ENABLE_DEBUG_INFO = YES;
				ONLY_ACTIVE_ARCH = YES;
				SDKROOT = iphoneos;
				SWIFT_OPTIMIZATION_LEVEL = "-Onone";
			};
			name = Debug;
		};
		F42D14871BE8C8FE00A5D65C /* Release */ = {
			isa = XCBuildConfiguration;
			buildSettings = {
				ALWAYS_SEARCH_USER_PATHS = NO;
				CLANG_CXX_LANGUAGE_STANDARD = "gnu++0x";
				CLANG_CXX_LIBRARY = "libc++";
				CLANG_ENABLE_MODULES = YES;
				CLANG_ENABLE_OBJC_ARC = YES;
				CLANG_WARN_BOOL_CONVERSION = YES;
				CLANG_WARN_CONSTANT_CONVERSION = YES;
				CLANG_WARN_DIRECT_OBJC_ISA_USAGE = YES_ERROR;
				CLANG_WARN_EMPTY_BODY = YES;
				CLANG_WARN_ENUM_CONVERSION = YES;
				CLANG_WARN_INT_CONVERSION = YES;
				CLANG_WARN_OBJC_ROOT_CLASS = YES_ERROR;
				CLANG_WARN_UNREACHABLE_CODE = YES;
				CLANG_WARN__DUPLICATE_METHOD_MATCH = YES;
				"CODE_SIGN_IDENTITY[sdk=iphoneos*]" = "iPhone Developer";
				COPY_PHASE_STRIP = NO;
				DEBUG_INFORMATION_FORMAT = "dwarf-with-dsym";
				ENABLE_NS_ASSERTIONS = NO;
				ENABLE_STRICT_OBJC_MSGSEND = YES;
				GCC_C_LANGUAGE_STANDARD = gnu99;
				GCC_NO_COMMON_BLOCKS = YES;
				GCC_WARN_64_TO_32_BIT_CONVERSION = YES;
				GCC_WARN_ABOUT_RETURN_TYPE = YES_ERROR;
				GCC_WARN_UNDECLARED_SELECTOR = YES;
				GCC_WARN_UNINITIALIZED_AUTOS = YES_AGGRESSIVE;
				GCC_WARN_UNUSED_FUNCTION = YES;
				GCC_WARN_UNUSED_VARIABLE = YES;
				IPHONEOS_DEPLOYMENT_TARGET = 9.1;
				MTL_ENABLE_DEBUG_INFO = NO;
				SDKROOT = iphoneos;
				VALIDATE_PRODUCT = YES;
			};
			name = Release;
		};
		F42D14891BE8C8FE00A5D65C /* Debug */ = {
			isa = XCBuildConfiguration;
			buildSettings = {
				ASSETCATALOG_COMPILER_APPICON_NAME = AppIcon;
				INFOPLIST_FILE = MemeMe/Info.plist;
				LD_RUNPATH_SEARCH_PATHS = "$(inherited) @executable_path/Frameworks";
				PRODUCT_BUNDLE_IDENTIFIER = TK.MemeMe;
				PRODUCT_NAME = "$(TARGET_NAME)";
			};
			name = Debug;
		};
		F42D148A1BE8C8FE00A5D65C /* Release */ = {
			isa = XCBuildConfiguration;
			buildSettings = {
				ASSETCATALOG_COMPILER_APPICON_NAME = AppIcon;
				INFOPLIST_FILE = MemeMe/Info.plist;
				LD_RUNPATH_SEARCH_PATHS = "$(inherited) @executable_path/Frameworks";
				PRODUCT_BUNDLE_IDENTIFIER = TK.MemeMe;
				PRODUCT_NAME = "$(TARGET_NAME)";
			};
			name = Release;
		};
/* End XCBuildConfiguration section */

/* Begin XCConfigurationList section */
		F42D14711BE8C8FE00A5D65C /* Build configuration list for PBXProject "MemeMe" */ = {
			isa = XCConfigurationList;
			buildConfigurations = (
				F42D14861BE8C8FE00A5D65C /* Debug */,
				F42D14871BE8C8FE00A5D65C /* Release */,
			);
			defaultConfigurationIsVisible = 0;
			defaultConfigurationName = Release;
		};
		F42D14881BE8C8FE00A5D65C /* Build configuration list for PBXNativeTarget "MemeMe" */ = {
			isa = XCConfigurationList;
			buildConfigurations = (
				F42D14891BE8C8FE00A5D65C /* Debug */,
				F42D148A1BE8C8FE00A5D65C /* Release */,
			);
			defaultConfigurationIsVisible = 0;
			defaultConfigurationName = Release;
		};
/* End XCConfigurationList section */
	};
	rootObject = F42D146E1BE8C8FE00A5D65C /* Project object */;
}
